<?xml version="1.0" encoding="utf-8"?>
<Project ToolsVersion="4.0" xmlns="http://schemas.microsoft.com/developer/msbuild/2003">
  <ItemGroup>
    <Filter Include="Archivos de código fuente">
      <UniqueIdentifier>{4FC737F1-C7A5-4376-A066-2A32D752A2FF}</UniqueIdentifier>
      <Extensions>cpp;c;cc;cxx;def;odl;idl;hpj;bat;asm;asmx</Extensions>
    </Filter>
    <Filter Include="Archivos de encabezado">
      <UniqueIdentifier>{93995380-89BD-4b04-88EB-625FBE52EBFB}</UniqueIdentifier>
      <Extensions>h;hh;hpp;hxx;hm;inl;inc;xsd</Extensions>
    </Filter>
    <Filter Include="Archivos de recursos">
      <UniqueIdentifier>{67DA6AB6-F800-4c08-8B7A-83BB121AAD01}</UniqueIdentifier>
      <Extensions>rc;ico;cur;bmp;dlg;rc2;rct;bin;rgs;gif;jpg;jpeg;jpe;resx;tiff;tif;png;wav;mfcribbon-ms</Extensions>
    </Filter>
    <Filter Include="Texts">
      <UniqueIdentifier>{e0f29b12-6549-4bca-aa4d-93261b262eba}</UniqueIdentifier>
    </Filter>
  </ItemGroup>
  <ItemGroup>
    <Text Include="Texts\Four Weeks in the Trenches The War Story of a Violinist by Fritz Kreisler.txt">
      <Filter>Texts</Filter>
    </Text>
    <Text Include="Texts\Greece and the Allies 1914-1922 by G F Abbott.txt">
      <Filter>Texts</Filter>
    </Text>
    <Text Include="Texts\My Diary in Serbia April 1 1915-Nov 1 1915 by Monica M Stanley.txt">
      <Filter>Texts</Filter>
    </Text>
    <Text Include="Texts\Serbia in Light and Darkness by Nikolaj Velimirovic.txt">
      <Filter>Texts</Filter>
    </Text>
    <Text Include="Texts\The Luck of Thirteen Wanderings and Flight through Montenegro and Serbia by Gordon et al.txt">
      <Filter>Texts</Filter>
    </Text>
    <Text Include="Texts\Stop-words.txt">
      <Filter>Texts</Filter>
    </Text>
  </ItemGroup>
  <ItemGroup>
    <ClCompile Include="main.cpp">
      <Filter>Archivos de código fuente</Filter>
    </ClCompile>
  </ItemGroup>
  <ItemGroup>
    <ClInclude Include="Stop-Words.h">
      <Filter>Archivos de encabezado</Filter>
    </ClInclude>
  </ItemGroup>
</Project>